
Microsoft Visual Studio Solution File, Format Version 12.00
# Visual Studio 14
VisualStudioVersion = 14.0.23107.0
MinimumVisualStudioVersion = 10.0.40219.1
Project("{2150E333-8FDC-42A3-9474-1A3956D46DE8}") = "Presentation Layer", "Presentation Layer", "{DE5B4940-24BF-4272-9AF5-F11FB5F7E11A}"
EndProject
Project("{2150E333-8FDC-42A3-9474-1A3956D46DE8}") = "Service Layer", "Service Layer", "{A51068B6-BE9A-485B-B41A-AAA3D12CF5F1}"
EndProject
Project("{2150E333-8FDC-42A3-9474-1A3956D46DE8}") = "Application Layer", "Application Layer", "{23981AD5-2473-4B0C-98F8-87FE591EC553}"
EndProject
Project("{2150E333-8FDC-42A3-9474-1A3956D46DE8}") = "Infrastructure Layer", "Infrastructure Layer", "{5BFBAF06-6F72-4B33-87B1-AAFC72728285}"
EndProject
Project("{FAE04EC0-301F-11D3-BF4B-00C04F79EFBC}") = "Smps.Infrastructure", "SMPS.Infrastructure\Smps.Infrastructure.csproj", "{4F99AAB3-CABB-4DA3-8A6B-C127DE1DC4C0}"
EndProject
Project("{FAE04EC0-301F-11D3-BF4B-00C04F79EFBC}") = "Smps.Core", "SMPS.Core\Smps.Core.csproj", "{E96523FA-7D1A-4E4B-B5A9-126430A44F44}"
EndProject
Project("{FAE04EC0-301F-11D3-BF4B-00C04F79EFBC}") = "Smps.Core.Tests", "SMPS.Core.Tests\Smps.Core.Tests.csproj", "{6F1A2F23-4A38-46B8-AB3C-DBFC1941EF16}"
EndProject
Project("{FAE04EC0-301F-11D3-BF4B-00C04F79EFBC}") = "Smps.Infrastructure.Tests", "Smps.Infrastructure.Tests\Smps.Infrastructure.Tests.csproj", "{FAC6965A-FE70-4576-98BE-15217EE2F6DC}"
EndProject
Project("{FAE04EC0-301F-11D3-BF4B-00C04F79EFBC}") = "Smps.WebApi", "Smps.WebApi\Smps.WebApi.csproj", "{1BF1E8A9-8750-410A-BF9C-D2BE2C27CEFC}"
EndProject
Project("{FAE04EC0-301F-11D3-BF4B-00C04F79EFBC}") = "Smps.WebApi.Tests", "Smps.WebApi.Tests\Smps.WebApi.Tests.csproj", "{1C7F65E9-87FA-4E22-8D9D-4EC7EE08D2B3}"
EndProject
Project("{2150E333-8FDC-42A3-9474-1A3956D46DE8}") = "DataBaseScripts", "DataBaseScripts", "{0743DF3A-F3E3-48E8-B767-4454C8158E3E}"
EndProject
Project("{00D1A9C2-B5F0-4AF3-8072-F6C62B433612}") = "Smps.DatabaseProject", "Smps.DatabaseProject\Smps.DatabaseProject.sqlproj", "{C91531F1-710B-4A30-8B1D-9E7BDDC7A9E7}"
EndProject
Project("{FAE04EC0-301F-11D3-BF4B-00C04F79EFBC}") = "Smps.UI.Web", "Smps.UI.Web\Smps.UI.Web.csproj", "{2335169F-C196-45B2-A9D1-F03C9772FA18}"
EndProject
Project("{FAE04EC0-301F-11D3-BF4B-00C04F79EFBC}") = "SMPS.CrossCutting", "SMPS.CrossCutting\SMPS.CrossCutting.csproj", "{8D215F86-0634-437F-ABBE-29D51F5D1A59}"
EndProject
Global
	GlobalSection(SolutionConfigurationPlatforms) = preSolution
		Debug|Any CPU = Debug|Any CPU
		Release|Any CPU = Release|Any CPU
	EndGlobalSection
	GlobalSection(ProjectConfigurationPlatforms) = postSolution
		{4F99AAB3-CABB-4DA3-8A6B-C127DE1DC4C0}.Debug|Any CPU.ActiveCfg = Debug|Any CPU
		{4F99AAB3-CABB-4DA3-8A6B-C127DE1DC4C0}.Debug|Any CPU.Build.0 = Debug|Any CPU
		{4F99AAB3-CABB-4DA3-8A6B-C127DE1DC4C0}.Release|Any CPU.ActiveCfg = Release|Any CPU
		{4F99AAB3-CABB-4DA3-8A6B-C127DE1DC4C0}.Release|Any CPU.Build.0 = Release|Any CPU
		{E96523FA-7D1A-4E4B-B5A9-126430A44F44}.Debug|Any CPU.ActiveCfg = Debug|Any CPU
		{E96523FA-7D1A-4E4B-B5A9-126430A44F44}.Debug|Any CPU.Build.0 = Debug|Any CPU
		{E96523FA-7D1A-4E4B-B5A9-126430A44F44}.Release|Any CPU.ActiveCfg = Release|Any CPU
		{E96523FA-7D1A-4E4B-B5A9-126430A44F44}.Release|Any CPU.Build.0 = Release|Any CPU
		{6F1A2F23-4A38-46B8-AB3C-DBFC1941EF16}.Debug|Any CPU.ActiveCfg = Debug|Any CPU
		{6F1A2F23-4A38-46B8-AB3C-DBFC1941EF16}.Debug|Any CPU.Build.0 = Debug|Any CPU
		{6F1A2F23-4A38-46B8-AB3C-DBFC1941EF16}.Release|Any CPU.ActiveCfg = Release|Any CPU
		{6F1A2F23-4A38-46B8-AB3C-DBFC1941EF16}.Release|Any CPU.Build.0 = Release|Any CPU
		{FAC6965A-FE70-4576-98BE-15217EE2F6DC}.Debug|Any CPU.ActiveCfg = Debug|Any CPU
		{FAC6965A-FE70-4576-98BE-15217EE2F6DC}.Debug|Any CPU.Build.0 = Debug|Any CPU
		{FAC6965A-FE70-4576-98BE-15217EE2F6DC}.Release|Any CPU.ActiveCfg = Release|Any CPU
		{FAC6965A-FE70-4576-98BE-15217EE2F6DC}.Release|Any CPU.Build.0 = Release|Any CPU
		{1BF1E8A9-8750-410A-BF9C-D2BE2C27CEFC}.Debug|Any CPU.ActiveCfg = Debug|Any CPU
		{1BF1E8A9-8750-410A-BF9C-D2BE2C27CEFC}.Debug|Any CPU.Build.0 = Debug|Any CPU
		{1BF1E8A9-8750-410A-BF9C-D2BE2C27CEFC}.Release|Any CPU.ActiveCfg = Release|Any CPU
		{1BF1E8A9-8750-410A-BF9C-D2BE2C27CEFC}.Release|Any CPU.Build.0 = Release|Any CPU
		{1C7F65E9-87FA-4E22-8D9D-4EC7EE08D2B3}.Debug|Any CPU.ActiveCfg = Debug|Any CPU
		{1C7F65E9-87FA-4E22-8D9D-4EC7EE08D2B3}.Debug|Any CPU.Build.0 = Debug|Any CPU
		{1C7F65E9-87FA-4E22-8D9D-4EC7EE08D2B3}.Release|Any CPU.ActiveCfg = Release|Any CPU
		{1C7F65E9-87FA-4E22-8D9D-4EC7EE08D2B3}.Release|Any CPU.Build.0 = Release|Any CPU
		{C91531F1-710B-4A30-8B1D-9E7BDDC7A9E7}.Debug|Any CPU.ActiveCfg = Debug|Any CPU
		{C91531F1-710B-4A30-8B1D-9E7BDDC7A9E7}.Debug|Any CPU.Build.0 = Debug|Any CPU
		{C91531F1-710B-4A30-8B1D-9E7BDDC7A9E7}.Debug|Any CPU.Deploy.0 = Debug|Any CPU
		{C91531F1-710B-4A30-8B1D-9E7BDDC7A9E7}.Release|Any CPU.ActiveCfg = Release|Any CPU
		{C91531F1-710B-4A30-8B1D-9E7BDDC7A9E7}.Release|Any CPU.Build.0 = Release|Any CPU
		{C91531F1-710B-4A30-8B1D-9E7BDDC7A9E7}.Release|Any CPU.Deploy.0 = Release|Any CPU
		{2335169F-C196-45B2-A9D1-F03C9772FA18}.Debug|Any CPU.ActiveCfg = Debug|Any CPU
		{2335169F-C196-45B2-A9D1-F03C9772FA18}.Debug|Any CPU.Build.0 = Debug|Any CPU
		{2335169F-C196-45B2-A9D1-F03C9772FA18}.Release|Any CPU.ActiveCfg = Release|Any CPU
		{2335169F-C196-45B2-A9D1-F03C9772FA18}.Release|Any CPU.Build.0 = Release|Any CPU
		{8D215F86-0634-437F-ABBE-29D51F5D1A59}.Debug|Any CPU.ActiveCfg = Debug|Any CPU
		{8D215F86-0634-437F-ABBE-29D51F5D1A59}.Debug|Any CPU.Build.0 = Debug|Any CPU
		{8D215F86-0634-437F-ABBE-29D51F5D1A59}.Release|Any CPU.ActiveCfg = Release|Any CPU
		{8D215F86-0634-437F-ABBE-29D51F5D1A59}.Release|Any CPU.Build.0 = Release|Any CPU
	EndGlobalSection
	GlobalSection(SolutionProperties) = preSolution
		HideSolutionNode = FALSE
	EndGlobalSection
	GlobalSection(NestedProjects) = preSolution
		{4F99AAB3-CABB-4DA3-8A6B-C127DE1DC4C0} = {5BFBAF06-6F72-4B33-87B1-AAFC72728285}
		{E96523FA-7D1A-4E4B-B5A9-126430A44F44} = {23981AD5-2473-4B0C-98F8-87FE591EC553}
		{6F1A2F23-4A38-46B8-AB3C-DBFC1941EF16} = {23981AD5-2473-4B0C-98F8-87FE591EC553}
		{FAC6965A-FE70-4576-98BE-15217EE2F6DC} = {5BFBAF06-6F72-4B33-87B1-AAFC72728285}
		{1BF1E8A9-8750-410A-BF9C-D2BE2C27CEFC} = {A51068B6-BE9A-485B-B41A-AAA3D12CF5F1}
		{1C7F65E9-87FA-4E22-8D9D-4EC7EE08D2B3} = {A51068B6-BE9A-485B-B41A-AAA3D12CF5F1}
		{C91531F1-710B-4A30-8B1D-9E7BDDC7A9E7} = {0743DF3A-F3E3-48E8-B767-4454C8158E3E}
		{2335169F-C196-45B2-A9D1-F03C9772FA18} = {DE5B4940-24BF-4272-9AF5-F11FB5F7E11A}
		{8D215F86-0634-437F-ABBE-29D51F5D1A59} = {5BFBAF06-6F72-4B33-87B1-AAFC72728285}
	EndGlobalSection
EndGlobal
